// !$*UTF8*$!
{
	archiveVersion = 1;
	classes = {
	};
	objectVersion = 77;
	objects = {

/* Begin PBXContainerItemProxy section */
		B0DCC66B2CFD96C300AD3ACF /* PBXContainerItemProxy */ = {
			isa = PBXContainerItemProxy;
			containerPortal = B0DCC6522CFD96C100AD3ACF /* Project object */;
			proxyType = 1;
			remoteGlobalIDString = B0DCC6592CFD96C100AD3ACF;
			remoteInfo = Final_project;
		};
		B0DCC6752CFD96C300AD3ACF /* PBXContainerItemProxy */ = {
			isa = PBXContainerItemProxy;
			containerPortal = B0DCC6522CFD96C100AD3ACF /* Project object */;
			proxyType = 1;
			remoteGlobalIDString = B0DCC6592CFD96C100AD3ACF;
			remoteInfo = Final_project;
		};
/* End PBXContainerItemProxy section */

/* Begin PBXFileReference section */
		B0DCC65A2CFD96C100AD3ACF /* Final_project.app */ = {isa = PBXFileReference; explicitFileType = wrapper.application; includeInIndex = 0; path = Final_project.app; sourceTree = BUILT_PRODUCTS_DIR; };
		B0DCC66A2CFD96C300AD3ACF /* Final_projectTests.xctest */ = {isa = PBXFileReference; explicitFileType = wrapper.cfbundle; includeInIndex = 0; path = Final_projectTests.xctest; sourceTree = BUILT_PRODUCTS_DIR; };
		B0DCC6742CFD96C300AD3ACF /* Final_projectUITests.xctest */ = {isa = PBXFileReference; explicitFileType = wrapper.cfbundle; includeInIndex = 0; path = Final_projectUITests.xctest; sourceTree = BUILT_PRODUCTS_DIR; };
/* End PBXFileReference section */

/* Begin PBXFileSystemSynchronizedRootGroup section */
		B0DCC65C2CFD96C100AD3ACF /* Final_project */ = {
			isa = PBXFileSystemSynchronizedRootGroup;
			path = Final_project;
			sourceTree = "<group>";
		};
		B0DCC66D2CFD96C300AD3ACF /* Final_projectTests */ = {
			isa = PBXFileSystemSynchronizedRootGroup;
			path = Final_projectTests;
			sourceTree = "<group>";
		};
		B0DCC6772CFD96C300AD3ACF /* Final_projectUITests */ = {
			isa = PBXFileSystemSynchronizedRootGroup;
			path = Final_projectUITests;
			sourceTree = "<group>";
		};
/* End PBXFileSystemSynchronizedRootGroup section */

/* Begin PBXFrameworksBuildPhase section */
		B0DCC6572CFD96C100AD3ACF /* Frameworks */ = {
			isa = PBXFrameworksBuildPhase;
			buildActionMask = 2147483647;
			files = (
			);
			runOnlyForDeploymentPostprocessing = 0;
		};
		B0DCC6672CFD96C300AD3ACF /* Frameworks */ = {
			isa = PBXFrameworksBuildPhase;
			buildActionMask = 2147483647;
			files = (
			);
			runOnlyForDeploymentPostprocessing = 0;
		};
		B0DCC6712CFD96C300AD3ACF /* Frameworks */ = {
			isa = PBXFrameworksBuildPhase;
			buildActionMask = 2147483647;
			files = (
			);
			runOnlyForDeploymentPostprocessing = 0;
		};
/* End PBXFrameworksBuildPhase section */

/* Begin PBXGroup section */
		B0DCC6512CFD96C100AD3ACF = {
			isa = PBXGroup;
			children = (
				B0DCC65C2CFD96C100AD3ACF /* Final_project */,
				B0DCC66D2CFD96C300AD3ACF /* Final_projectTests */,
				B0DCC6772CFD96C300AD3ACF /* Final_projectUITests */,
				B0DCC65B2CFD96C100AD3ACF /* Products */,
			);
			sourceTree = "<group>";
		};
		B0DCC65B2CFD96C100AD3ACF /* Products */ = {
			isa = PBXGroup;
			children = (
				B0DCC65A2CFD96C100AD3ACF /* Final_project.app */,
				B0DCC66A2CFD96C300AD3ACF /* Final_projectTests.xctest */,
				B0DCC6742CFD96C300AD3ACF /* Final_projectUITests.xctest */,
			);
			name = Products;
			sourceTree = "<group>";
		};
/* End PBXGroup section */

/* Begin PBXNativeTarget section */
		B0DCC6592CFD96C100AD3ACF /* Final_project */ = {
			isa = PBXNativeTarget;
			buildConfigurationList = B0DCC67E2CFD96C300AD3ACF /* Build configuration list for PBXNativeTarget "Final_project" */;
			buildPhases = (
				B0DCC6562CFD96C100AD3ACF /* Sources */,
				B0DCC6572CFD96C100AD3ACF /* Frameworks */,
				B0DCC6582CFD96C100AD3ACF /* Resources */,
			);
			buildRules = (
			);
			dependencies = (
			);
			fileSystemSynchronizedGroups = (
				B0DCC65C2CFD96C100AD3ACF /* Final_project */,
			);
			name = Final_project;
			packageProductDependencies = (
			);
			productName = Final_project;
			productReference = B0DCC65A2CFD96C100AD3ACF /* Final_project.app */;
			productType = "com.apple.product-type.application";
		};
		B0DCC6692CFD96C300AD3ACF /* Final_projectTests */ = {
			isa = PBXNativeTarget;
			buildConfigurationList = B0DCC6812CFD96C300AD3ACF /* Build configuration list for PBXNativeTarget "Final_projectTests" */;
			buildPhases = (
				B0DCC6662CFD96C300AD3ACF /* Sources */,
				B0DCC6672CFD96C300AD3ACF /* Frameworks */,
				B0DCC6682CFD96C300AD3ACF /* Resources */,
			);
			buildRules = (
			);
			dependencies = (
				B0DCC66C2CFD96C300AD3ACF /* PBXTargetDependency */,
			);
			fileSystemSynchronizedGroups = (
				B0DCC66D2CFD96C300AD3ACF /* Final_projectTests */,
			);
			name = Final_projectTests;
			packageProductDependencies = (
			);
			productName = Final_projectTests;
			productReference = B0DCC66A2CFD96C300AD3ACF /* Final_projectTests.xctest */;
			productType = "com.apple.product-type.bundle.unit-test";
		};
		B0DCC6732CFD96C300AD3ACF /* Final_projectUITests */ = {
			isa = PBXNativeTarget;
			buildConfigurationList = B0DCC6842CFD96C300AD3ACF /* Build configuration list for PBXNativeTarget "Final_projectUITests" */;
			buildPhases = (
				B0DCC6702CFD96C300AD3ACF /* Sources */,
				B0DCC6712CFD96C300AD3ACF /* Frameworks */,
				B0DCC6722CFD96C300AD3ACF /* Resources */,
			);
			buildRules = (
			);
			dependencies = (
				B0DCC6762CFD96C300AD3ACF /* PBXTargetDependency */,
			);
			fileSystemSynchronizedGroups = (
				B0DCC6772CFD96C300AD3ACF /* Final_projectUITests */,
			);
			name = Final_projectUITests;
			packageProductDependencies = (
			);
			productName = Final_projectUITests;
			productReference = B0DCC6742CFD96C300AD3ACF /* Final_projectUITests.xctest */;
			productType = "com.apple.product-type.bundle.ui-testing";
		};
/* End PBXNativeTarget section */

/* Begin PBXProject section */
		B0DCC6522CFD96C100AD3ACF /* Project object */ = {
			isa = PBXProject;
			attributes = {
				BuildIndependentTargetsInParallel = 1;
				LastSwiftUpdateCheck = 1600;
				LastUpgradeCheck = 1600;
				TargetAttributes = {
					B0DCC6592CFD96C100AD3ACF = {
						CreatedOnToolsVersion = 16.0;
					};
					B0DCC6692CFD96C300AD3ACF = {
						CreatedOnToolsVersion = 16.0;
						TestTargetID = B0DCC6592CFD96C100AD3ACF;
					};
					B0DCC6732CFD96C300AD3ACF = {
						CreatedOnToolsVersion = 16.0;
						TestTargetID = B0DCC6592CFD96C100AD3ACF;
					};
				};
			};
			buildConfigurationList = B0DCC6552CFD96C100AD3ACF /* Build configuration list for PBXProject "Final_project" */;
			developmentRegion = en;
			hasScannedForEncodings = 0;
			knownRegions = (
				en,
				Base,
			);
			mainGroup = B0DCC6512CFD96C100AD3ACF;
			minimizedProjectReferenceProxies = 1;
			preferredProjectObjectVersion = 77;
			productRefGroup = B0DCC65B2CFD96C100AD3ACF /* Products */;
			projectDirPath = "";
			projectRoot = "";
			targets = (
				B0DCC6592CFD96C100AD3ACF /* Final_project */,
				B0DCC6692CFD96C300AD3ACF /* Final_projectTests */,
				B0DCC6732CFD96C300AD3ACF /* Final_projectUITests */,
			);
		};
/* End PBXProject section */

/* Begin PBXResourcesBuildPhase section */
		B0DCC6582CFD96C100AD3ACF /* Resources */ = {
			isa = PBXResourcesBuildPhase;
			buildActionMask = 2147483647;
			files = (
			);
			runOnlyForDeploymentPostprocessing = 0;
		};
		B0DCC6682CFD96C300AD3ACF /* Resources */ = {
			isa = PBXResourcesBuildPhase;
			buildActionMask = 2147483647;
			files = (
			);
			runOnlyForDeploymentPostprocessing = 0;
		};
		B0DCC6722CFD96C300AD3ACF /* Resources */ = {
			isa = PBXResourcesBuildPhase;
			buildActionMask = 2147483647;
			files = (
			);
			runOnlyForDeploymentPostprocessing = 0;
		};
/* End PBXResourcesBuildPhase section */

/* Begin PBXSourcesBuildPhase section */
		B0DCC6562CFD96C100AD3ACF /* Sources */ = {
			isa = PBXSourcesBuildPhase;
			buildActionMask = 2147483647;
			files = (
			);
			runOnlyForDeploymentPostprocessing = 0;
		};
		B0DCC6662CFD96C300AD3ACF /* Sources */ = {
			isa = PBXSourcesBuildPhase;
			buildActionMask = 2147483647;
			files = (
			);
			runOnlyForDeploymentPostprocessing = 0;
		};
		B0DCC6702CFD96C300AD3ACF /* Sources */ = {
			isa = PBXSourcesBuildPhase;
			buildActionMask = 2147483647;
			files = (
			);
			runOnlyForDeploymentPostprocessing = 0;
		};
/* End PBXSourcesBuildPhase section */

/* Begin PBXTargetDependency section */
		B0DCC66C2CFD96C300AD3ACF /* PBXTargetDependency */ = {
			isa = PBXTargetDependency;
			target = B0DCC6592CFD96C100AD3ACF /* Final_project */;
			targetProxy = B0DCC66B2CFD96C300AD3ACF /* PBXContainerItemProxy */;
		};
		B0DCC6762CFD96C300AD3ACF /* PBXTargetDependency */ = {
			isa = PBXTargetDependency;
			target = B0DCC6592CFD96C100AD3ACF /* Final_project */;
			targetProxy = B0DCC6752CFD96C300AD3ACF /* PBXContainerItemProxy */;
		};
/* End PBXTargetDependency section */

/* Begin XCBuildConfiguration section */
		B0DCC67C2CFD96C300AD3ACF /* Debug */ = {
			isa = XCBuildConfiguration;
			buildSettings = {
				ALWAYS_SEARCH_USER_PATHS = NO;
				ASSETCATALOG_COMPILER_GENERATE_SWIFT_ASSET_SYMBOL_EXTENSIONS = YES;
				CLANG_ANALYZER_NONNULL = YES;
				CLANG_ANALYZER_NUMBER_OBJECT_CONVERSION = YES_AGGRESSIVE;
				CLANG_CXX_LANGUAGE_STANDARD = "gnu++20";
				CLANG_ENABLE_MODULES = YES;
				CLANG_ENABLE_OBJC_ARC = YES;
				CLANG_ENABLE_OBJC_WEAK = YES;
				CLANG_WARN_BLOCK_CAPTURE_AUTORELEASING = YES;
				CLANG_WARN_BOOL_CONVERSION = YES;
				CLANG_WARN_COMMA = YES;
				CLANG_WARN_CONSTANT_CONVERSION = YES;
				CLANG_WARN_DEPRECATED_OBJC_IMPLEMENTATIONS = YES;
				CLANG_WARN_DIRECT_OBJC_ISA_USAGE = YES_ERROR;
				CLANG_WARN_DOCUMENTATION_COMMENTS = YES;
				CLANG_WARN_EMPTY_BODY = YES;
				CLANG_WARN_ENUM_CONVERSION = YES;
				CLANG_WARN_INFINITE_RECURSION = YES;
				CLANG_WARN_INT_CONVERSION = YES;
				CLANG_WARN_NON_LITERAL_NULL_CONVERSION = YES;
				CLANG_WARN_OBJC_IMPLICIT_RETAIN_SELF = YES;
				CLANG_WARN_OBJC_LITERAL_CONVERSION = YES;
				CLANG_WARN_OBJC_ROOT_CLASS = YES_ERROR;
				CLANG_WARN_QUOTED_INCLUDE_IN_FRAMEWORK_HEADER = YES;
				CLANG_WARN_RANGE_LOOP_ANALYSIS = YES;
				CLANG_WARN_STRICT_PROTOTYPES = YES;
				CLANG_WARN_SUSPICIOUS_MOVE = YES;
				CLANG_WARN_UNGUARDED_AVAILABILITY = YES_AGGRESSIVE;
				CLANG_WARN_UNREACHABLE_CODE = YES;
				CLANG_WARN__DUPLICATE_METHOD_MATCH = YES;
				COPY_PHASE_STRIP = NO;
				DEBUG_INFORMATION_FORMAT = dwarf;
				ENABLE_STRICT_OBJC_MSGSEND = YES;
				ENABLE_TESTABILITY = YES;
				ENABLE_USER_SCRIPT_SANDBOXING = YES;
				GCC_C_LANGUAGE_STANDARD = gnu17;
				GCC_DYNAMIC_NO_PIC = NO;
				GCC_NO_COMMON_BLOCKS = YES;
				GCC_OPTIMIZATION_LEVEL = 0;
				GCC_PREPROCESSOR_DEFINITIONS = (
					"DEBUG=1",
					"$(inherited)",
				);
				GCC_WARN_64_TO_32_BIT_CONVERSION = YES;
				GCC_WARN_ABOUT_RETURN_TYPE = YES_ERROR;
				GCC_WARN_UNDECLARED_SELECTOR = YES;
				GCC_WARN_UNINITIALIZED_AUTOS = YES_AGGRESSIVE;
				GCC_WARN_UNUSED_FUNCTION = YES;
				GCC_WARN_UNUSED_VARIABLE = YES;
				IPHONEOS_DEPLOYMENT_TARGET = 18.0;
				LOCALIZATION_PREFERS_STRING_CATALOGS = YES;
				MTL_ENABLE_DEBUG_INFO = INCLUDE_SOURCE;
				MTL_FAST_MATH = YES;
				ONLY_ACTIVE_ARCH = YES;
				SDKROOT = iphoneos;
				SWIFT_ACTIVE_COMPILATION_CONDITIONS = "DEBUG $(inherited)";
				SWIFT_OPTIMIZATION_LEVEL = "-Onone";
			};
			name = Debug;
		};
		B0DCC67D2CFD96C300AD3ACF /* Release */ = {
			isa = XCBuildConfiguration;
			buildSettings = {
				ALWAYS_SEARCH_USER_PATHS = NO;
				ASSETCATALOG_COMPILER_GENERATE_SWIFT_ASSET_SYMBOL_EXTENSIONS = YES;
				CLANG_ANALYZER_NONNULL = YES;
				CLANG_ANALYZER_NUMBER_OBJECT_CONVERSION = YES_AGGRESSIVE;
				CLANG_CXX_LANGUAGE_STANDARD = "gnu++20";
				CLANG_ENABLE_MODULES = YES;
				CLANG_ENABLE_OBJC_ARC = YES;
				CLANG_ENABLE_OBJC_WEAK = YES;
				CLANG_WARN_BLOCK_CAPTURE_AUTORELEASING = YES;
				CLANG_WARN_BOOL_CONVERSION = YES;
				CLANG_WARN_COMMA = YES;
				CLANG_WARN_CONSTANT_CONVERSION = YES;
				CLANG_WARN_DEPRECATED_OBJC_IMPLEMENTATIONS = YES;
				CLANG_WARN_DIRECT_OBJC_ISA_USAGE = YES_ERROR;
				CLANG_WARN_DOCUMENTATION_COMMENTS = YES;
				CLANG_WARN_EMPTY_BODY = YES;
				CLANG_WARN_ENUM_CONVERSION = YES;
				CLANG_WARN_INFINITE_RECURSION = YES;
				CLANG_WARN_INT_CONVERSION = YES;
				CLANG_WARN_NON_LITERAL_NULL_CONVERSION = YES;
				CLANG_WARN_OBJC_IMPLICIT_RETAIN_SELF = YES;
				CLANG_WARN_OBJC_LITERAL_CONVERSION = YES;
				CLANG_WARN_OBJC_ROOT_CLASS = YES_ERROR;
				CLANG_WARN_QUOTED_INCLUDE_IN_FRAMEWORK_HEADER = YES;
				CLANG_WARN_RANGE_LOOP_ANALYSIS = YES;
				CLANG_WARN_STRICT_PROTOTYPES = YES;
				CLANG_WARN_SUSPICIOUS_MOVE = YES;
				CLANG_WARN_UNGUARDED_AVAILABILITY = YES_AGGRESSIVE;
				CLANG_WARN_UNREACHABLE_CODE = YES;
				CLANG_WARN__DUPLICATE_METHOD_MATCH = YES;
				COPY_PHASE_STRIP = NO;
				DEBUG_INFORMATION_FORMAT = "dwarf-with-dsym";
				ENABLE_NS_ASSERTIONS = NO;
				ENABLE_STRICT_OBJC_MSGSEND = YES;
				ENABLE_USER_SCRIPT_SANDBOXING = YES;
				GCC_C_LANGUAGE_STANDARD = gnu17;
				GCC_NO_COMMON_BLOCKS = YES;
				GCC_WARN_64_TO_32_BIT_CONVERSION = YES;
				GCC_WARN_ABOUT_RETURN_TYPE = YES_ERROR;
				GCC_WARN_UNDECLARED_SELECTOR = YES;
				GCC_WARN_UNINITIALIZED_AUTOS = YES_AGGRESSIVE;
				GCC_WARN_UNUSED_FUNCTION = YES;
				GCC_WARN_UNUSED_VARIABLE = YES;
				IPHONEOS_DEPLOYMENT_TARGET = 18.0;
				LOCALIZATION_PREFERS_STRING_CATALOGS = YES;
				MTL_ENABLE_DEBUG_INFO = NO;
				MTL_FAST_MATH = YES;
				SDKROOT = iphoneos;
				SWIFT_COMPILATION_MODE = wholemodule;
				VALIDATE_PRODUCT = YES;
			};
			name = Release;
		};
		B0DCC67F2CFD96C300AD3ACF /* Debug */ = {
			isa = XCBuildConfiguration;
			buildSettings = {
				ASSETCATALOG_COMPILER_APPICON_NAME = AppIcon;
				ASSETCATALOG_COMPILER_GLOBAL_ACCENT_COLOR_NAME = AccentColor;
				CODE_SIGN_STYLE = Automatic;
				CURRENT_PROJECT_VERSION = 1;
				DEVELOPMENT_ASSET_PATHS = "\"Final_project/Preview Content\"";
				DEVELOPMENT_TEAM = 62T24ZAA7Q;
				ENABLE_PREVIEWS = YES;
				GENERATE_INFOPLIST_FILE = YES;
				INFOPLIST_KEY_UIApplicationSceneManifest_Generation = YES;
				INFOPLIST_KEY_UIApplicationSupportsIndirectInputEvents = YES;
				INFOPLIST_KEY_UILaunchScreen_Generation = YES;
				INFOPLIST_KEY_UISupportedInterfaceOrientations_iPad = "UIInterfaceOrientationPortrait UIInterfaceOrientationPortraitUpsideDown UIInterfaceOrientationLandscapeLeft UIInterfaceOrientationLandscapeRight";
				INFOPLIST_KEY_UISupportedInterfaceOrientations_iPhone = "UIInterfaceOrientationPortrait UIInterfaceOrientationLandscapeLeft UIInterfaceOrientationLandscapeRight";
				LD_RUNPATH_SEARCH_PATHS = (
					"$(inherited)",
					"@executable_path/Frameworks",
				);
				MARKETING_VERSION = 1.0;
				PRODUCT_BUNDLE_IDENTIFIER = "com.wayneYang.Final-project";
				PRODUCT_NAME = "$(TARGET_NAME)";
				SWIFT_EMIT_LOC_STRINGS = YES;
				SWIFT_VERSION = 5.0;
				TARGETED_DEVICE_FAMILY = "1,2";
			};
			name = Debug;
		};
		B0DCC6802CFD96C300AD3ACF /* Release */ = {
			isa = XCBuildConfiguration;
			buildSettings = {
				ASSETCATALOG_COMPILER_APPICON_NAME = AppIcon;
				ASSETCATALOG_COMPILER_GLOBAL_ACCENT_COLOR_NAME = AccentColor;
				CODE_SIGN_STYLE = Automatic;
				CURRENT_PROJECT_VERSION = 1;
				DEVELOPMENT_ASSET_PATHS = "\"Final_project/Preview Content\"";
				DEVELOPMENT_TEAM = 62T24ZAA7Q;
				ENABLE_PREVIEWS = YES;
				GENERATE_INFOPLIST_FILE = YES;
				INFOPLIST_KEY_UIApplicationSceneManifest_Generation = YES;
				INFOPLIST_KEY_UIApplicationSupportsIndirectInputEvents = YES;
				INFOPLIST_KEY_UILaunchScreen_Generation = YES;
				INFOPLIST_KEY_UISupportedInterfaceOrientations_iPad = "UIInterfaceOrientationPortrait UIInterfaceOrientationPortraitUpsideDown UIInterfaceOrientationLandscapeLeft UIInterfaceOrientationLandscapeRight";
				INFOPLIST_KEY_UISupportedInterfaceOrientations_iPhone = "UIInterfaceOrientationPortrait UIInterfaceOrientationLandscapeLeft UIInterfaceOrientationLandscapeRight";
				LD_RUNPATH_SEARCH_PATHS = (
					"$(inherited)",
					"@executable_path/Frameworks",
				);
				MARKETING_VERSION = 1.0;
				PRODUCT_BUNDLE_IDENTIFIER = "com.wayneYang.Final-project";
				PRODUCT_NAME = "$(TARGET_NAME)";
				SWIFT_EMIT_LOC_STRINGS = YES;
				SWIFT_VERSION = 5.0;
				TARGETED_DEVICE_FAMILY = "1,2";
			};
			name = Release;
		};
		B0DCC6822CFD96C300AD3ACF /* Debug */ = {
			isa = XCBuildConfiguration;
			buildSettings = {
				BUNDLE_LOADER = "$(TEST_HOST)";
				CODE_SIGN_STYLE = Automatic;
				CURRENT_PROJECT_VERSION = 1;
				DEVELOPMENT_TEAM = 62T24ZAA7Q;
				GENERATE_INFOPLIST_FILE = YES;
				IPHONEOS_DEPLOYMENT_TARGET = 18.0;
				MARKETING_VERSION = 1.0;
				PRODUCT_BUNDLE_IDENTIFIER = "com.wayneYang.Final-projectTests";
				PRODUCT_NAME = "$(TARGET_NAME)";
				SWIFT_EMIT_LOC_STRINGS = NO;
				SWIFT_VERSION = 5.0;
				TARGETED_DEVICE_FAMILY = "1,2";
				TEST_HOST = "$(BUILT_PRODUCTS_DIR)/Final_project.app/$(BUNDLE_EXECUTABLE_FOLDER_PATH)/Final_project";
			};
			name = Debug;
		};
		B0DCC6832CFD96C300AD3ACF /* Release */ = {
			isa = XCBuildConfiguration;
			buildSettings = {
				BUNDLE_LOADER = "$(TEST_HOST)";
				CODE_SIGN_STYLE = Automatic;
				CURRENT_PROJECT_VERSION = 1;
				DEVELOPMENT_TEAM = 62T24ZAA7Q;
				GENERATE_INFOPLIST_FILE = YES;
				IPHONEOS_DEPLOYMENT_TARGET = 18.0;
				MARKETING_VERSION = 1.0;
				PRODUCT_BUNDLE_IDENTIFIER = "com.wayneYang.Final-projectTests";
				PRODUCT_NAME = "$(TARGET_NAME)";
				SWIFT_EMIT_LOC_STRINGS = NO;
				SWIFT_VERSION = 5.0;
				TARGETED_DEVICE_FAMILY = "1,2";
				TEST_HOST = "$(BUILT_PRODUCTS_DIR)/Final_project.app/$(BUNDLE_EXECUTABLE_FOLDER_PATH)/Final_project";
			};
			name = Release;
		};
		B0DCC6852CFD96C300AD3ACF /* Debug */ = {
			isa = XCBuildConfiguration;
			buildSettings = {
				CODE_SIGN_STYLE = Automatic;
				CURRENT_PROJECT_VERSION = 1;
				DEVELOPMENT_TEAM = 62T24ZAA7Q;
				GENERATE_INFOPLIST_FILE = YES;
				MARKETING_VERSION = 1.0;
				PRODUCT_BUNDLE_IDENTIFIER = "com.wayneYang.Final-projectUITests";
				PRODUCT_NAME = "$(TARGET_NAME)";
				SWIFT_EMIT_LOC_STRINGS = NO;
				SWIFT_VERSION = 5.0;
				TARGETED_DEVICE_FAMILY = "1,2";
				TEST_TARGET_NAME = Final_project;
			};
			name = Debug;
		};
		B0DCC6862CFD96C300AD3ACF /* Release */ = {
			isa = XCBuildConfiguration;
			buildSettings = {
				CODE_SIGN_STYLE = Automatic;
				CURRENT_PROJECT_VERSION = 1;
				DEVELOPMENT_TEAM = 62T24ZAA7Q;
				GENERATE_INFOPLIST_FILE = YES;
				MARKETING_VERSION = 1.0;
				PRODUCT_BUNDLE_IDENTIFIER = "com.wayneYang.Final-projectUITests";
				PRODUCT_NAME = "$(TARGET_NAME)";
				SWIFT_EMIT_LOC_STRINGS = NO;
				SWIFT_VERSION = 5.0;
				TARGETED_DEVICE_FAMILY = "1,2";
				TEST_TARGET_NAME = Final_project;
			};
			name = Release;
		};
/* End XCBuildConfiguration section */

/* Begin XCConfigurationList section */
		B0DCC6552CFD96C100AD3ACF /* Build configuration list for PBXProject "Final_project" */ = {
			isa = XCConfigurationList;
			buildConfigurations = (
				B0DCC67C2CFD96C300AD3ACF /* Debug */,
				B0DCC67D2CFD96C300AD3ACF /* Release */,
			);
			defaultConfigurationIsVisible = 0;
			defaultConfigurationName = Release;
		};
		B0DCC67E2CFD96C300AD3ACF /* Build configuration list for PBXNativeTarget "Final_project" */ = {
			isa = XCConfigurationList;
			buildConfigurations = (
				B0DCC67F2CFD96C300AD3ACF /* Debug */,
				B0DCC6802CFD96C300AD3ACF /* Release */,
			);
			defaultConfigurationIsVisible = 0;
			defaultConfigurationName = Release;
		};
		B0DCC6812CFD96C300AD3ACF /* Build configuration list for PBXNativeTarget "Final_projectTests" */ = {
			isa = XCConfigurationList;
			buildConfigurations = (
				B0DCC6822CFD96C300AD3ACF /* Debug */,
				B0DCC6832CFD96C300AD3ACF /* Release */,
			);
			defaultConfigurationIsVisible = 0;
			defaultConfigurationName = Release;
		};
		B0DCC6842CFD96C300AD3ACF /* Build configuration list for PBXNativeTarget "Final_projectUITests" */ = {
			isa = XCConfigurationList;
			buildConfigurations = (
				B0DCC6852CFD96C300AD3ACF /* Debug */,
				B0DCC6862CFD96C300AD3ACF /* Release */,
			);
			defaultConfigurationIsVisible = 0;
			defaultConfigurationName = Release;
		};
/* End XCConfigurationList section */
	};
	rootObject = B0DCC6522CFD96C100AD3ACF /* Project object */;
}
